
Microsoft Visual Studio Solution File, Format Version 12.00
# Visual Studio Version 16
VisualStudioVersion = 16.0.30114.105
MinimumVisualStudioVersion = 10.0.40219.1
Project("{2150E333-8FDC-42A3-9474-1A3956D46DE8}") = "lib", "lib", "{02F9FB5D-F70F-44CC-A3AE-6FB948C4E05E}"
EndProject
Project("{FAE04EC0-301F-11D3-BF4B-00C04F79EFBC}") = "jmbdeData", "src\lib\jmbdeData\jmbdeData.csproj", "{A4B59894-54EA-4474-9F79-BE5A5D3C6926}"
EndProject
Project("{2150E333-8FDC-42A3-9474-1A3956D46DE8}") = "src", "src", "{DFD1AB7F-7B0D-4947-BAE6-3C730CA6184B}"
EndProject
Project("{FAE04EC0-301F-11D3-BF4B-00C04F79EFBC}") = "AnniversaryReminder", "src\app\AnniversaryReminder\AnniversaryReminder.csproj", "{6CC8EABA-35E1-4587-A871-02C7ACD50418}"
EndProject
Project("{2150E333-8FDC-42A3-9474-1A3956D46DE8}") = "tests", "tests", "{CF6AD63A-9F87-48FC-A81E-E36FA18CDC18}"
EndProject
Project("{FAE04EC0-301F-11D3-BF4B-00C04F79EFBC}") = "AnniversaryReminder.Tests", "tests\AnniversaryReminder.Tests\AnniversaryReminder.Tests.csproj", "{AD898E3A-17AC-4005-8125-E2BEC3C99EC2}"
EndProject
Global
	GlobalSection(SolutionConfigurationPlatforms) = preSolution
		Debug|Any CPU = Debug|Any CPU
		Release|Any CPU = Release|Any CPU
	EndGlobalSection
	GlobalSection(SolutionProperties) = preSolution
		HideSolutionNode = FALSE
	EndGlobalSection
	GlobalSection(ProjectConfigurationPlatforms) = postSolution
		{A4B59894-54EA-4474-9F79-BE5A5D3C6926}.Debug|Any CPU.ActiveCfg = Debug|Any CPU
		{A4B59894-54EA-4474-9F79-BE5A5D3C6926}.Debug|Any CPU.Build.0 = Debug|Any CPU
		{A4B59894-54EA-4474-9F79-BE5A5D3C6926}.Release|Any CPU.ActiveCfg = Release|Any CPU
		{A4B59894-54EA-4474-9F79-BE5A5D3C6926}.Release|Any CPU.Build.0 = Release|Any CPU
		{6CC8EABA-35E1-4587-A871-02C7ACD50418}.Debug|Any CPU.ActiveCfg = Debug|Any CPU
		{6CC8EABA-35E1-4587-A871-02C7ACD50418}.Debug|Any CPU.Build.0 = Debug|Any CPU
		{6CC8EABA-35E1-4587-A871-02C7ACD50418}.Release|Any CPU.ActiveCfg = Release|Any CPU
		{6CC8EABA-35E1-4587-A871-02C7ACD50418}.Release|Any CPU.Build.0 = Release|Any CPU
		{AD898E3A-17AC-4005-8125-E2BEC3C99EC2}.Debug|Any CPU.ActiveCfg = Debug|Any CPU
		{AD898E3A-17AC-4005-8125-E2BEC3C99EC2}.Debug|Any CPU.Build.0 = Debug|Any CPU
		{AD898E3A-17AC-4005-8125-E2BEC3C99EC2}.Release|Any CPU.ActiveCfg = Release|Any CPU
		{AD898E3A-17AC-4005-8125-E2BEC3C99EC2}.Release|Any CPU.Build.0 = Release|Any CPU
	EndGlobalSection
	GlobalSection(NestedProjects) = preSolution
		{A4B59894-54EA-4474-9F79-BE5A5D3C6926} = {02F9FB5D-F70F-44CC-A3AE-6FB948C4E05E}
		{6CC8EABA-35E1-4587-A871-02C7ACD50418} = {DFD1AB7F-7B0D-4947-BAE6-3C730CA6184B}
		{AD898E3A-17AC-4005-8125-E2BEC3C99EC2} = {CF6AD63A-9F87-48FC-A81E-E36FA18CDC18}
	EndGlobalSection
EndGlobal
